
Microsoft Visual Studio Solution File, Format Version 12.00
# Visual Studio Version 16
VisualStudioVersion = 16.0.33529.622
MinimumVisualStudioVersion = 10.0.40219.1
Project("{FAE04EC0-301F-11D3-BF4B-00C04F79EFBC}") = "MyRecipeApp1", "MyRecipeApp1\MyRecipeApp1.csproj", "{4EB94F32-CE16-472D-B509-88E9712941A5}"
EndProject
Global
	GlobalSection(SolutionConfigurationPlatforms) = preSolution
		Debug|Any CPU = Debug|Any CPU
		Release|Any CPU = Release|Any CPU
	EndGlobalSection
	GlobalSection(ProjectConfigurationPlatforms) = postSolution
		{4EB94F32-CE16-472D-B509-88E9712941A5}.Debug|Any CPU.ActiveCfg = Debug|Any CPU
		{4EB94F32-CE16-472D-B509-88E9712941A5}.Debug|Any CPU.Build.0 = Debug|Any CPU
		{4EB94F32-CE16-472D-B509-88E9712941A5}.Release|Any CPU.ActiveCfg = Release|Any CPU
		{4EB94F32-CE16-472D-B509-88E9712941A5}.Release|Any CPU.Build.0 = Release|Any CPU
	EndGlobalSection
	GlobalSection(SolutionProperties) = preSolution
		HideSolutionNode = FALSE
	EndGlobalSection
	GlobalSection(ExtensibilityGlobals) = postSolution
		SolutionGuid = {684F8FDD-A8F5-4A37-8CE2-1489DC75ABE0}
	EndGlobalSection
EndGlobal
